
Microsoft Visual Studio Solution File, Format Version 12.00
# Visual Studio Version 16
VisualStudioVersion = 16.0.31729.503
MinimumVisualStudioVersion = 10.0.40219.1
Project("{9A19103F-16F7-4668-BE54-9A1E7A4F7556}") = "DataDefinition", "DataDefinition\DataDefinition.csproj", "{98322BC4-D52D-491E-9057-D80D3CDD1924}"
EndProject
Project("{FAE04EC0-301F-11D3-BF4B-00C04F79EFBC}") = "DataExporter", "DataExporter\DataExporter.csproj", "{D7C56587-D085-4B35-9246-D7A309BA1D2A}"
EndProject
Project("{FAE04EC0-301F-11D3-BF4B-00C04F79EFBC}") = "FileUtility", "FileUtility\FileUtility.csproj", "{971E23D4-D367-4E31-8CBD-253F43AE46D8}"
EndProject
Global
	GlobalSection(SolutionConfigurationPlatforms) = preSolution
		Debug|Any CPU = Debug|Any CPU
		Release|Any CPU = Release|Any CPU
	EndGlobalSection
	GlobalSection(ProjectConfigurationPlatforms) = postSolution
		{98322BC4-D52D-491E-9057-D80D3CDD1924}.Debug|Any CPU.ActiveCfg = Debug|Any CPU
		{98322BC4-D52D-491E-9057-D80D3CDD1924}.Debug|Any CPU.Build.0 = Debug|Any CPU
		{98322BC4-D52D-491E-9057-D80D3CDD1924}.Release|Any CPU.ActiveCfg = Release|Any CPU
		{98322BC4-D52D-491E-9057-D80D3CDD1924}.Release|Any CPU.Build.0 = Release|Any CPU
		{D7C56587-D085-4B35-9246-D7A309BA1D2A}.Debug|Any CPU.ActiveCfg = Debug|Any CPU
		{D7C56587-D085-4B35-9246-D7A309BA1D2A}.Debug|Any CPU.Build.0 = Debug|Any CPU
		{D7C56587-D085-4B35-9246-D7A309BA1D2A}.Release|Any CPU.ActiveCfg = Release|Any CPU
		{D7C56587-D085-4B35-9246-D7A309BA1D2A}.Release|Any CPU.Build.0 = Release|Any CPU
		{971E23D4-D367-4E31-8CBD-253F43AE46D8}.Debug|Any CPU.ActiveCfg = Debug|Any CPU
		{971E23D4-D367-4E31-8CBD-253F43AE46D8}.Debug|Any CPU.Build.0 = Debug|Any CPU
		{971E23D4-D367-4E31-8CBD-253F43AE46D8}.Release|Any CPU.ActiveCfg = Release|Any CPU
		{971E23D4-D367-4E31-8CBD-253F43AE46D8}.Release|Any CPU.Build.0 = Release|Any CPU
	EndGlobalSection
	GlobalSection(SolutionProperties) = preSolution
		HideSolutionNode = FALSE
	EndGlobalSection
	GlobalSection(ExtensibilityGlobals) = postSolution
		SolutionGuid = {4B93BBF3-E445-4A78-AEA1-E37A6BEBC57B}
	EndGlobalSection
EndGlobal
