
Microsoft Visual Studio Solution File, Format Version 12.00
# Visual Studio Version 16
VisualStudioVersion = 16.0.31729.503
MinimumVisualStudioVersion = 10.0.40219.1
Project("{FAE04EC0-301F-11D3-BF4B-00C04F79EFBC}") = "DataObject", "DataObject\DataObject.csproj", "{2EBBBDA7-0961-4147-94B1-E1BEDE208587}"
EndProject
Project("{FAE04EC0-301F-11D3-BF4B-00C04F79EFBC}") = "DataExporter", "DataExporter\DataExporter.csproj", "{B758177B-4774-4381-B721-683F3E457A16}"
EndProject
Project("{FAE04EC0-301F-11D3-BF4B-00C04F79EFBC}") = "BaseCore", "BaseCore\BaseCore.csproj", "{E65E7182-C03D-4974-87BA-0B9F3EA8BFAB}"
EndProject
Project("{FAE04EC0-301F-11D3-BF4B-00C04F79EFBC}") = "DataStructure", "DataStructure\DataStructure.csproj", "{AD26B1D9-9894-491D-AE85-418950E0D512}"
EndProject
Global
	GlobalSection(SolutionConfigurationPlatforms) = preSolution
		Debug|Any CPU = Debug|Any CPU
		Release|Any CPU = Release|Any CPU
	EndGlobalSection
	GlobalSection(ProjectConfigurationPlatforms) = postSolution
		{2EBBBDA7-0961-4147-94B1-E1BEDE208587}.Debug|Any CPU.ActiveCfg = Debug|Any CPU
		{2EBBBDA7-0961-4147-94B1-E1BEDE208587}.Debug|Any CPU.Build.0 = Debug|Any CPU
		{2EBBBDA7-0961-4147-94B1-E1BEDE208587}.Release|Any CPU.ActiveCfg = Release|Any CPU
		{2EBBBDA7-0961-4147-94B1-E1BEDE208587}.Release|Any CPU.Build.0 = Release|Any CPU
		{B758177B-4774-4381-B721-683F3E457A16}.Debug|Any CPU.ActiveCfg = Debug|Any CPU
		{B758177B-4774-4381-B721-683F3E457A16}.Debug|Any CPU.Build.0 = Debug|Any CPU
		{B758177B-4774-4381-B721-683F3E457A16}.Release|Any CPU.ActiveCfg = Release|Any CPU
		{B758177B-4774-4381-B721-683F3E457A16}.Release|Any CPU.Build.0 = Release|Any CPU
		{E65E7182-C03D-4974-87BA-0B9F3EA8BFAB}.Debug|Any CPU.ActiveCfg = Debug|Any CPU
		{E65E7182-C03D-4974-87BA-0B9F3EA8BFAB}.Debug|Any CPU.Build.0 = Debug|Any CPU
		{E65E7182-C03D-4974-87BA-0B9F3EA8BFAB}.Release|Any CPU.ActiveCfg = Release|Any CPU
		{E65E7182-C03D-4974-87BA-0B9F3EA8BFAB}.Release|Any CPU.Build.0 = Release|Any CPU
		{AD26B1D9-9894-491D-AE85-418950E0D512}.Debug|Any CPU.ActiveCfg = Debug|Any CPU
		{AD26B1D9-9894-491D-AE85-418950E0D512}.Debug|Any CPU.Build.0 = Debug|Any CPU
		{AD26B1D9-9894-491D-AE85-418950E0D512}.Release|Any CPU.ActiveCfg = Release|Any CPU
		{AD26B1D9-9894-491D-AE85-418950E0D512}.Release|Any CPU.Build.0 = Release|Any CPU
	EndGlobalSection
	GlobalSection(SolutionProperties) = preSolution
		HideSolutionNode = FALSE
	EndGlobalSection
	GlobalSection(ExtensibilityGlobals) = postSolution
		SolutionGuid = {AF067A1B-AB51-4031-A248-0D6674FAA6B2}
	EndGlobalSection
EndGlobal
